
Microsoft Visual Studio Solution File, Format Version 12.00
# Visual Studio 14
VisualStudioVersion = 14.0.25123.0
MinimumVisualStudioVersion = 10.0.40219.1
Project("{FAE04EC0-301F-11D3-BF4B-00C04F79EFBC}") = "Serwer", "Serwer\Serwer.csproj", "{37803D88-042C-4F20-9327-B52FDDCF37F5}"
EndProject
Project("{FAE04EC0-301F-11D3-BF4B-00C04F79EFBC}") = "Klient", "Klient\Klient.csproj", "{CCD1CBAC-F5D9-4BB6-8EE7-6249726524AC}"
EndProject
Global
	GlobalSection(SolutionConfigurationPlatforms) = preSolution
		Debug|Any CPU = Debug|Any CPU
		Release|Any CPU = Release|Any CPU
	EndGlobalSection
	GlobalSection(ProjectConfigurationPlatforms) = postSolution
		{37803D88-042C-4F20-9327-B52FDDCF37F5}.Debug|Any CPU.ActiveCfg = Debug|Any CPU
		{37803D88-042C-4F20-9327-B52FDDCF37F5}.Debug|Any CPU.Build.0 = Debug|Any CPU
		{37803D88-042C-4F20-9327-B52FDDCF37F5}.Release|Any CPU.ActiveCfg = Release|Any CPU
		{37803D88-042C-4F20-9327-B52FDDCF37F5}.Release|Any CPU.Build.0 = Release|Any CPU
		{CCD1CBAC-F5D9-4BB6-8EE7-6249726524AC}.Debug|Any CPU.ActiveCfg = Debug|Any CPU
		{CCD1CBAC-F5D9-4BB6-8EE7-6249726524AC}.Debug|Any CPU.Build.0 = Debug|Any CPU
		{CCD1CBAC-F5D9-4BB6-8EE7-6249726524AC}.Release|Any CPU.ActiveCfg = Release|Any CPU
		{CCD1CBAC-F5D9-4BB6-8EE7-6249726524AC}.Release|Any CPU.Build.0 = Release|Any CPU
	EndGlobalSection
	GlobalSection(SolutionProperties) = preSolution
		HideSolutionNode = FALSE
	EndGlobalSection
EndGlobal
